
Microsoft Visual Studio Solution File, Format Version 12.00
# Visual Studio Version 17
VisualStudioVersion = 17.0.31903.59
MinimumVisualStudioVersion = 10.0.40219.1
Project("{FAE04EC0-301F-11D3-BF4B-00C04F79EFBC}") = "AutoClicker", "AutoClicker.csproj", "{D2F19DA9-7F50-46DE-8D0F-2596742A24F6}"
EndProject
Project("{FAE04EC0-301F-11D3-BF4B-00C04F79EFBC}") = "AutoClicker.Tests", "AutoClicker.Tests\AutoClicker.Tests.csproj", "{20F3B68D-11BA-4C47-BC74-8867BC2101BA}"
EndProject
Global
	GlobalSection(SolutionConfigurationPlatforms) = preSolution
		Debug|Any CPU = Debug|Any CPU
		Debug|x64 = Debug|x64
		Debug|x86 = Debug|x86
		Release|Any CPU = Release|Any CPU
		Release|x64 = Release|x64
		Release|x86 = Release|x86
	EndGlobalSection
	GlobalSection(ProjectConfigurationPlatforms) = postSolution
		{D2F19DA9-7F50-46DE-8D0F-2596742A24F6}.Debug|Any CPU.ActiveCfg = Debug|Any CPU
		{D2F19DA9-7F50-46DE-8D0F-2596742A24F6}.Debug|Any CPU.Build.0 = Debug|Any CPU
		{D2F19DA9-7F50-46DE-8D0F-2596742A24F6}.Debug|x64.ActiveCfg = Debug|Any CPU
		{D2F19DA9-7F50-46DE-8D0F-2596742A24F6}.Debug|x64.Build.0 = Debug|Any CPU
		{D2F19DA9-7F50-46DE-8D0F-2596742A24F6}.Debug|x86.ActiveCfg = Debug|Any CPU
		{D2F19DA9-7F50-46DE-8D0F-2596742A24F6}.Debug|x86.Build.0 = Debug|Any CPU
		{D2F19DA9-7F50-46DE-8D0F-2596742A24F6}.Release|Any CPU.ActiveCfg = Release|Any CPU
		{D2F19DA9-7F50-46DE-8D0F-2596742A24F6}.Release|Any CPU.Build.0 = Release|Any CPU
		{D2F19DA9-7F50-46DE-8D0F-2596742A24F6}.Release|x64.ActiveCfg = Release|Any CPU
		{D2F19DA9-7F50-46DE-8D0F-2596742A24F6}.Release|x64.Build.0 = Release|Any CPU
		{D2F19DA9-7F50-46DE-8D0F-2596742A24F6}.Release|x86.ActiveCfg = Release|Any CPU
		{D2F19DA9-7F50-46DE-8D0F-2596742A24F6}.Release|x86.Build.0 = Release|Any CPU
		{20F3B68D-11BA-4C47-BC74-8867BC2101BA}.Debug|Any CPU.ActiveCfg = Debug|Any CPU
		{20F3B68D-11BA-4C47-BC74-8867BC2101BA}.Debug|Any CPU.Build.0 = Debug|Any CPU
		{20F3B68D-11BA-4C47-BC74-8867BC2101BA}.Debug|x64.ActiveCfg = Debug|Any CPU
		{20F3B68D-11BA-4C47-BC74-8867BC2101BA}.Debug|x64.Build.0 = Debug|Any CPU
		{20F3B68D-11BA-4C47-BC74-8867BC2101BA}.Debug|x86.ActiveCfg = Debug|Any CPU
		{20F3B68D-11BA-4C47-BC74-8867BC2101BA}.Debug|x86.Build.0 = Debug|Any CPU
		{20F3B68D-11BA-4C47-BC74-8867BC2101BA}.Release|Any CPU.ActiveCfg = Release|Any CPU
		{20F3B68D-11BA-4C47-BC74-8867BC2101BA}.Release|Any CPU.Build.0 = Release|Any CPU
		{20F3B68D-11BA-4C47-BC74-8867BC2101BA}.Release|x64.ActiveCfg = Release|Any CPU
		{20F3B68D-11BA-4C47-BC74-8867BC2101BA}.Release|x64.Build.0 = Release|Any CPU
		{20F3B68D-11BA-4C47-BC74-8867BC2101BA}.Release|x86.ActiveCfg = Release|Any CPU
		{20F3B68D-11BA-4C47-BC74-8867BC2101BA}.Release|x86.Build.0 = Release|Any CPU
	EndGlobalSection
	GlobalSection(SolutionProperties) = preSolution
		HideSolutionNode = FALSE
	EndGlobalSection
EndGlobal
